
Microsoft Visual Studio Solution File, Format Version 12.00
# Visual Studio Version 16
VisualStudioVersion = 16.0.810.6
MinimumVisualStudioVersion = 10.0.40219.1
Project("{FAE04EC0-301F-11D3-BF4B-00C04F79EFBC}") = "fibonacci", "fibonacci\fibonacci.csproj", "{B1C93FDD-3C59-494D-9737-C1BED17C8F33}"
EndProject
Global
	GlobalSection(SolutionConfigurationPlatforms) = preSolution
		Debug|Any CPU = Debug|Any CPU
		Release|Any CPU = Release|Any CPU
	EndGlobalSection
	GlobalSection(ProjectConfigurationPlatforms) = postSolution
		{B1C93FDD-3C59-494D-9737-C1BED17C8F33}.Debug|Any CPU.ActiveCfg = Debug|Any CPU
		{B1C93FDD-3C59-494D-9737-C1BED17C8F33}.Debug|Any CPU.Build.0 = Debug|Any CPU
		{B1C93FDD-3C59-494D-9737-C1BED17C8F33}.Release|Any CPU.ActiveCfg = Release|Any CPU
		{B1C93FDD-3C59-494D-9737-C1BED17C8F33}.Release|Any CPU.Build.0 = Release|Any CPU
	EndGlobalSection
	GlobalSection(SolutionProperties) = preSolution
		HideSolutionNode = FALSE
	EndGlobalSection
	GlobalSection(ExtensibilityGlobals) = postSolution
		SolutionGuid = {2A2A4664-8515-429A-BCA8-E67D6DFB549D}
	EndGlobalSection
EndGlobal
